{
  "object": {
    "pins": [
      {
        "package": "async-http-client",
        "repositoryURL": "https://github.com/swift-server/async-http-client.git",
        "state": {
          "branch": null,
          "revision": "51dc885a30ca704b02fa803099b0a9b5b38067b6",
          "version": "1.0.0"
        }
      },
      {
        "package": "LambdaSwiftSprinter",
        "repositoryURL": "https://github.com/swift-sprinter/aws-lambda-swift-sprinter-core",
        "state": {
          "branch": null,
          "revision": "5a8b61f9dfe3acc0d9aa38d3cf2f6d8e257575bc",
          "version": "1.0.0-alpha.2"
        }
      },
      {
        "package": "swift-nio",
        "repositoryURL": "https://github.com/apple/swift-nio.git",
        "state": {
          "branch": null,
          "revision": "9201908b54578aa33f1d1826a5a680aca8991843",
          "version": "2.8.0"
        }
      },
      {
        "package": "swift-nio-extras",
        "repositoryURL": "https://github.com/apple/swift-nio-extras.git",
        "state": {
          "branch": null,
          "revision": "0584020dcacfa932f66b00cfbf87588ead76a528",
          "version": "1.3.0"
        }
      },
      {
        "package": "swift-nio-ssl",
        "repositoryURL": "https://github.com/apple/swift-nio-ssl.git",
        "state": {
          "branch": null,
          "revision": "f5dd7a60ff56f501ff7bf9be753e4b1875bfaf20",
          "version": "2.4.0"
        }
      }
    ]
  },
  "version": 1
}
